Microsoft Visual Studio Solution File, Format Version 12.00
# Visual Studio Version 17
VisualStudioVersion = 17.5.2.0
MinimumVisualStudioVersion = 10.0.40219.1
Project("{FAE04EC0-301F-11D3-BF4B-00C04F79EFBC}") = "EC.TaskBoard.Web", "EC.TaskBoard.Web\EC.TaskBoard.Web.csproj", "{62AF0835-74EA-E960-D5F6-541FE6E32C9B}"
EndProject
Project("{FAE04EC0-301F-11D3-BF4B-00C04F79EFBC}") = "EC.TaskBoard.Web.UnitTests", "EC.TaskBoard.Web.UnitTests\EC.TaskBoard.Web.UnitTests.csproj", "{EA9772D6-D571-DE1F-8B4D-442A236DA9A1}"
EndProject
Global
	GlobalSection(SolutionConfigurationPlatforms) = preSolution
		Debug|Any CPU = Debug|Any CPU
		Release|Any CPU = Release|Any CPU
	EndGlobalSection
	GlobalSection(ProjectConfigurationPlatforms) = postSolution
		{62AF0835-74EA-E960-D5F6-541FE6E32C9B}.Debug|Any CPU.ActiveCfg = Debug|Any CPU
		{62AF0835-74EA-E960-D5F6-541FE6E32C9B}.Debug|Any CPU.Build.0 = Debug|Any CPU
		{62AF0835-74EA-E960-D5F6-541FE6E32C9B}.Release|Any CPU.ActiveCfg = Release|Any CPU
		{62AF0835-74EA-E960-D5F6-541FE6E32C9B}.Release|Any CPU.Build.0 = Release|Any CPU
		{EA9772D6-D571-DE1F-8B4D-442A236DA9A1}.Debug|Any CPU.ActiveCfg = Debug|Any CPU
		{EA9772D6-D571-DE1F-8B4D-442A236DA9A1}.Debug|Any CPU.Build.0 = Debug|Any CPU
		{EA9772D6-D571-DE1F-8B4D-442A236DA9A1}.Release|Any CPU.ActiveCfg = Release|Any CPU
		{EA9772D6-D571-DE1F-8B4D-442A236DA9A1}.Release|Any CPU.Build.0 = Release|Any CPU
	EndGlobalSection
	GlobalSection(SolutionProperties) = preSolution
		HideSolutionNode = FALSE
	EndGlobalSection
	GlobalSection(ExtensibilityGlobals) = postSolution
		SolutionGuid = {2F248901-D2A9-4F42-B414-0542C274856D}
	EndGlobalSection
EndGlobal
